
Microsoft Visual Studio Solution File, Format Version 12.00
# Visual Studio Version 16
VisualStudioVersion = 16.0.30523.141
MinimumVisualStudioVersion = 10.0.40219.1
Project("{9A19103F-16F7-4668-BE54-9A1E7A4F7556}") = "Tib.Api", "Tib.Api.csproj", "{2EDC55A5-895F-443F-A479-94B0EDE988D8}"
EndProject
Global
	GlobalSection(SolutionConfigurationPlatforms) = preSolution
		Debug|Any CPU = Debug|Any CPU
		Release|Any CPU = Release|Any CPU
	EndGlobalSection
	GlobalSection(ProjectConfigurationPlatforms) = postSolution
		{2EDC55A5-895F-443F-A479-94B0EDE988D8}.Debug|Any CPU.ActiveCfg = Debug|Any CPU
		{2EDC55A5-895F-443F-A479-94B0EDE988D8}.Debug|Any CPU.Build.0 = Debug|Any CPU
		{2EDC55A5-895F-443F-A479-94B0EDE988D8}.Release|Any CPU.ActiveCfg = Release|Any CPU
		{2EDC55A5-895F-443F-A479-94B0EDE988D8}.Release|Any CPU.Build.0 = Release|Any CPU
	EndGlobalSection
	GlobalSection(SolutionProperties) = preSolution
		HideSolutionNode = FALSE
	EndGlobalSection
	GlobalSection(ExtensibilityGlobals) = postSolution
		SolutionGuid = {E628DAEC-2A11-44C7-93E8-CA6F1DC10641}
	EndGlobalSection
EndGlobal
